// !$*UTF8*$!
{
	archiveVersion = 1;
	classes = {
	};
	objectVersion = 51;
	objects = {

/* Begin PBXBuildFile section */
		3A19CB7D241DEDD6003BB2DB /* ProfileController.swift in Sources */ = {isa = PBXBuildFile; fileRef = 3A19CB7C241DEDD6003BB2DB /* ProfileController.swift */; };
		3A19CB7F241DF5AC003BB2DB /* UploadTweetController.swift in Sources */ = {isa = PBXBuildFile; fileRef = 3A19CB7E241DF5AC003BB2DB /* UploadTweetController.swift */; };
		3A19CB81241DFD0E003BB2DB /* InputTextView.swift in Sources */ = {isa = PBXBuildFile; fileRef = 3A19CB80241DFD0E003BB2DB /* InputTextView.swift */; };
		3A19CB83241E0560003BB2DB /* TweetService.swift in Sources */ = {isa = PBXBuildFile; fileRef = 3A19CB82241E0560003BB2DB /* TweetService.swift */; };
		3A4D1A38241BA5C200397225 /* SignUpController.swift in Sources */ = {isa = PBXBuildFile; fileRef = 3A4D1A37241BA5C200397225 /* SignUpController.swift */; };
		3A4D1A3A241BB89E00397225 /* HelperFunctions.swift in Sources */ = {isa = PBXBuildFile; fileRef = 3A4D1A39241BB89E00397225 /* HelperFunctions.swift */; };
		3AC4D285241C952600917988 /* User.swift in Sources */ = {isa = PBXBuildFile; fileRef = 3AC4D284241C952600917988 /* User.swift */; };
		3AC4D287241CAE2300917988 /* dounloader.swift in Sources */ = {isa = PBXBuildFile; fileRef = 3AC4D286241CAE2300917988 /* dounloader.swift */; };
		3AC8A4D8241CC34100460CE8 /* UsersTableViewController.swift in Sources */ = {isa = PBXBuildFile; fileRef = 3AC8A4D7241CC34100460CE8 /* UsersTableViewController.swift */; };
		3AC8A4DB241CC5DA00460CE8 /* UsersCell.swift in Sources */ = {isa = PBXBuildFile; fileRef = 3AC8A4DA241CC5DA00460CE8 /* UsersCell.swift */; };
		3AC8A4DD241CCE1500460CE8 /* UserSearvice.swift in Sources */ = {isa = PBXBuildFile; fileRef = 3AC8A4DC241CCE1500460CE8 /* UserSearvice.swift */; };
		3AD638F4241A646400EDA267 /* GoogleService-Info.plist in Resources */ = {isa = PBXBuildFile; fileRef = 3AD638F3241A646400EDA267 /* GoogleService-Info.plist */; };
		3AD638F6241A65AC00EDA267 /* LoginController.swift in Sources */ = {isa = PBXBuildFile; fileRef = 3AD638F5241A65AC00EDA267 /* LoginController.swift */; };
		3ADFCFD0241CD2830021B223 /* RecentController.swift in Sources */ = {isa = PBXBuildFile; fileRef = 3ADFCFCF241CD2830021B223 /* RecentController.swift */; };
		3AE3D6AF241F98E700280305 /* NewsViewController.swift in Sources */ = {isa = PBXBuildFile; fileRef = 3AE3D6AE241F98E700280305 /* NewsViewController.swift */; };
		3AF9A71D2418FC4E006C52B7 /* AppDelegate.swift in Sources */ = {isa = PBXBuildFile; fileRef = 3AF9A71C2418FC4E006C52B7 /* AppDelegate.swift */; };
		3AF9A71F2418FC4E006C52B7 /* SceneDelegate.swift in Sources */ = {isa = PBXBuildFile; fileRef = 3AF9A71E2418FC4E006C52B7 /* SceneDelegate.swift */; };
		3AF9A7262418FC50006C52B7 /* Assets.xcassets in Resources */ = {isa = PBXBuildFile; fileRef = 3AF9A7252418FC50006C52B7 /* Assets.xcassets */; };
		3AF9A7292418FC50006C52B7 /* LaunchScreen.storyboard in Resources */ = {isa = PBXBuildFile; fileRef = 3AF9A7272418FC50006C52B7 /* LaunchScreen.storyboard */; };
		3AF9A7322418FCD6006C52B7 /* MainTabController.swift in Sources */ = {isa = PBXBuildFile; fileRef = 3AF9A7312418FCD6006C52B7 /* MainTabController.swift */; };
		3AF9A7352418FEBB006C52B7 /* FeedController.swift in Sources */ = {isa = PBXBuildFile; fileRef = 3AF9A7342418FEBB006C52B7 /* FeedController.swift */; };
		3AF9A73824190398006C52B7 /* Extensions.swift in Sources */ = {isa = PBXBuildFile; fileRef = 3AF9A73724190398006C52B7 /* Extensions.swift */; };
		3AF9A73A24190702006C52B7 /* ContainerController.swift in Sources */ = {isa = PBXBuildFile; fileRef = 3AF9A73924190702006C52B7 /* ContainerController.swift */; };
		3AF9A73C24190A4A006C52B7 /* SideMenuController.swift in Sources */ = {isa = PBXBuildFile; fileRef = 3AF9A73B24190A4A006C52B7 /* SideMenuController.swift */; };
		3AFC14EB241C7035000E15D9 /* AuthSearvice.swift in Sources */ = {isa = PBXBuildFile; fileRef = 3AFC14EA241C7035000E15D9 /* AuthSearvice.swift */; };
		3AFC14ED241C7811000E15D9 /* Constracts.swift in Sources */ = {isa = PBXBuildFile; fileRef = 3AFC14EC241C7811000E15D9 /* Constracts.swift */; };
		3AFC14EF241C7915000E15D9 /* FirebaseReference.swift in Sources */ = {isa = PBXBuildFile; fileRef = 3AFC14EE241C7915000E15D9 /* FirebaseReference.swift */; };
		3AFE5FFA241F9CF900D7D2DA /* Page1.swift in Sources */ = {isa = PBXBuildFile; fileRef = 3AFE5FF9241F9CF900D7D2DA /* Page1.swift */; };
		3AFE5FFC241F9F3300D7D2DA /* NewsItems.swift in Sources */ = {isa = PBXBuildFile; fileRef = 3AFE5FFB241F9F3300D7D2DA /* NewsItems.swift */; };
		3AFE5FFE241FA89700D7D2DA /* WebViewController.swift in Sources */ = {isa = PBXBuildFile; fileRef = 3AFE5FFD241FA89700D7D2DA /* WebViewController.swift */; };
		5ECDBD2CC0C16370F5C52DF0 /* Pods_Re_Chat.framework in Frameworks */ = {isa = PBXBuildFile; fileRef = 76FB16A2B5A971596F93F154 /* Pods_Re_Chat.framework */; };
/* End PBXBuildFile section */

/* Begin PBXFileReference section */
		3A19CB7C241DEDD6003BB2DB /* ProfileController.swift */ = {isa = PBXFileReference; lastKnownFileType = sourcecode.swift; path = ProfileController.swift; sourceTree = "<group>"; };
		3A19CB7E241DF5AC003BB2DB /* UploadTweetController.swift */ = {isa = PBXFileReference; lastKnownFileType = sourcecode.swift; path = UploadTweetController.swift; sourceTree = "<group>"; };
		3A19CB80241DFD0E003BB2DB /* InputTextView.swift */ = {isa = PBXFileReference; lastKnownFileType = sourcecode.swift; path = InputTextView.swift; sourceTree = "<group>"; };
		3A19CB82241E0560003BB2DB /* TweetService.swift */ = {isa = PBXFileReference; lastKnownFileType = sourcecode.swift; path = TweetService.swift; sourceTree = "<group>"; };
		3A4D1A37241BA5C200397225 /* SignUpController.swift */ = {isa = PBXFileReference; lastKnownFileType = sourcecode.swift; path = SignUpController.swift; sourceTree = "<group>"; };
		3A4D1A39241BB89E00397225 /* HelperFunctions.swift */ = {isa = PBXFileReference; lastKnownFileType = sourcecode.swift; path = HelperFunctions.swift; sourceTree = "<group>"; };
		3AC4D284241C952600917988 /* User.swift */ = {isa = PBXFileReference; lastKnownFileType = sourcecode.swift; path = User.swift; sourceTree = "<group>"; };
		3AC4D286241CAE2300917988 /* dounloader.swift */ = {isa = PBXFileReference; lastKnownFileType = sourcecode.swift; path = dounloader.swift; sourceTree = "<group>"; };
		3AC8A4D7241CC34100460CE8 /* UsersTableViewController.swift */ = {isa = PBXFileReference; lastKnownFileType = sourcecode.swift; path = UsersTableViewController.swift; sourceTree = "<group>"; };
		3AC8A4DA241CC5DA00460CE8 /* UsersCell.swift */ = {isa = PBXFileReference; lastKnownFileType = sourcecode.swift; path = UsersCell.swift; sourceTree = "<group>"; };
		3AC8A4DC241CCE1500460CE8 /* UserSearvice.swift */ = {isa = PBXFileReference; lastKnownFileType = sourcecode.swift; path = UserSearvice.swift; sourceTree = "<group>"; };
		3AD638F3241A646400EDA267 /* GoogleService-Info.plist */ = {isa = PBXFileReference; fileEncoding = 4; lastKnownFileType = text.plist.xml; path = "GoogleService-Info.plist"; sourceTree = "<group>"; };
		3AD638F5241A65AC00EDA267 /* LoginController.swift */ = {isa = PBXFileReference; lastKnownFileType = sourcecode.swift; path = LoginController.swift; sourceTree = "<group>"; };
		3ADFCFCF241CD2830021B223 /* RecentController.swift */ = {isa = PBXFileReference; lastKnownFileType = sourcecode.swift; path = RecentController.swift; sourceTree = "<group>"; };
		3AE3D6AE241F98E700280305 /* NewsViewController.swift */ = {isa = PBXFileReference; lastKnownFileType = sourcecode.swift; path = NewsViewController.swift; sourceTree = "<group>"; };
		3AF9A7192418FC4E006C52B7 /* Re-Chat.app */ = {isa = PBXFileReference; explicitFileType = wrapper.application; includeInIndex = 0; path = "Re-Chat.app"; sourceTree = BUILT_PRODUCTS_DIR; };
		3AF9A71C2418FC4E006C52B7 /* AppDelegate.swift */ = {isa = PBXFileReference; lastKnownFileType = sourcecode.swift; path = AppDelegate.swift; sourceTree = "<group>"; };
		3AF9A71E2418FC4E006C52B7 /* SceneDelegate.swift */ = {isa = PBXFileReference; lastKnownFileType = sourcecode.swift; path = SceneDelegate.swift; sourceTree = "<group>"; };
		3AF9A7252418FC50006C52B7 /* Assets.xcassets */ = {isa = PBXFileReference; lastKnownFileType = folder.assetcatalog; path = Assets.xcassets; sourceTree = "<group>"; };
		3AF9A7282418FC50006C52B7 /* Base */ = {isa = PBXFileReference; lastKnownFileType = file.storyboard; name = Base; path = Base.lproj/LaunchScreen.storyboard; sourceTree = "<group>"; };
		3AF9A72A2418FC50006C52B7 /* Info.plist */ = {isa = PBXFileReference; lastKnownFileType = text.plist.xml; path = Info.plist; sourceTree = "<group>"; };
		3AF9A7312418FCD6006C52B7 /* MainTabController.swift */ = {isa = PBXFileReference; lastKnownFileType = sourcecode.swift; path = MainTabController.swift; sourceTree = "<group>"; };
		3AF9A7342418FEBB006C52B7 /* FeedController.swift */ = {isa = PBXFileReference; lastKnownFileType = sourcecode.swift; path = FeedController.swift; sourceTree = "<group>"; };
		3AF9A73724190398006C52B7 /* Extensions.swift */ = {isa = PBXFileReference; lastKnownFileType = sourcecode.swift; path = Extensions.swift; sourceTree = "<group>"; };
		3AF9A73924190702006C52B7 /* ContainerController.swift */ = {isa = PBXFileReference; lastKnownFileType = sourcecode.swift; path = ContainerController.swift; sourceTree = "<group>"; };
		3AF9A73B24190A4A006C52B7 /* SideMenuController.swift */ = {isa = PBXFileReference; lastKnownFileType = sourcecode.swift; path = SideMenuController.swift; sourceTree = "<group>"; };
		3AFC14EA241C7035000E15D9 /* AuthSearvice.swift */ = {isa = PBXFileReference; lastKnownFileType = sourcecode.swift; path = AuthSearvice.swift; sourceTree = "<group>"; };
		3AFC14EC241C7811000E15D9 /* Constracts.swift */ = {isa = PBXFileReference; lastKnownFileType = sourcecode.swift; path = Constracts.swift; sourceTree = "<group>"; };
		3AFC14EE241C7915000E15D9 /* FirebaseReference.swift */ = {isa = PBXFileReference; lastKnownFileType = sourcecode.swift; path = FirebaseReference.swift; sourceTree = "<group>"; };
		3AFE5FF9241F9CF900D7D2DA /* Page1.swift */ = {isa = PBXFileReference; lastKnownFileType = sourcecode.swift; path = Page1.swift; sourceTree = "<group>"; };
		3AFE5FFB241F9F3300D7D2DA /* NewsItems.swift */ = {isa = PBXFileReference; lastKnownFileType = sourcecode.swift; path = NewsItems.swift; sourceTree = "<group>"; };
		3AFE5FFD241FA89700D7D2DA /* WebViewController.swift */ = {isa = PBXFileReference; lastKnownFileType = sourcecode.swift; path = WebViewController.swift; sourceTree = "<group>"; };
		62E05B01CD3BBAC975E1C839 /* Pods-Re-Chat.debug.xcconfig */ = {isa = PBXFileReference; includeInIndex = 1; lastKnownFileType = text.xcconfig; name = "Pods-Re-Chat.debug.xcconfig"; path = "Target Support Files/Pods-Re-Chat/Pods-Re-Chat.debug.xcconfig"; sourceTree = "<group>"; };
		6917D6407343D75F2ACD4981 /* Pods-Re-Chat.release.xcconfig */ = {isa = PBXFileReference; includeInIndex = 1; lastKnownFileType = text.xcconfig; name = "Pods-Re-Chat.release.xcconfig"; path = "Target Support Files/Pods-Re-Chat/Pods-Re-Chat.release.xcconfig"; sourceTree = "<group>"; };
		76FB16A2B5A971596F93F154 /* Pods_Re_Chat.framework */ = {isa = PBXFileReference; explicitFileType = wrapper.framework; includeInIndex = 0; path = Pods_Re_Chat.framework; sourceTree = BUILT_PRODUCTS_DIR; };
/* End PBXFileReference section */

/* Begin PBXFrameworksBuildPhase section */
		3AF9A7162418FC4E006C52B7 /* Frameworks */ = {
			isa = PBXFrameworksBuildPhase;
			buildActionMask = 2147483647;
			files = (
				5ECDBD2CC0C16370F5C52DF0 /* Pods_Re_Chat.framework in Frameworks */,
			);
			runOnlyForDeploymentPostprocessing = 0;
		};
/* End PBXFrameworksBuildPhase section */

/* Begin PBXGroup section */
		3774E9B78865EEE873C2C988 /* Frameworks */ = {
			isa = PBXGroup;
			children = (
				76FB16A2B5A971596F93F154 /* Pods_Re_Chat.framework */,
			);
			name = Frameworks;
			sourceTree = "<group>";
		};
		3A06E6CB241A6219005A5D24 /* Model */ = {
			isa = PBXGroup;
			children = (
				3AC4D284241C952600917988 /* User.swift */,
				3AFE5FFB241F9F3300D7D2DA /* NewsItems.swift */,
			);
			path = Model;
			sourceTree = "<group>";
		};
		3A06E6CC241A6270005A5D24 /* Authentification */ = {
			isa = PBXGroup;
			children = (
				3AD638F5241A65AC00EDA267 /* LoginController.swift */,
				3A4D1A37241BA5C200397225 /* SignUpController.swift */,
			);
			path = Authentification;
			sourceTree = "<group>";
		};
		3AC8A4D9241CC59A00460CE8 /* View */ = {
			isa = PBXGroup;
			children = (
				3AC8A4DA241CC5DA00460CE8 /* UsersCell.swift */,
				3A19CB80241DFD0E003BB2DB /* InputTextView.swift */,
			);
			path = View;
			sourceTree = "<group>";
		};
		3AF9A7102418FC4E006C52B7 = {
			isa = PBXGroup;
			children = (
				3AF9A71B2418FC4E006C52B7 /* Re-Chat */,
				3AF9A71A2418FC4E006C52B7 /* Products */,
				5FDCB119675186B6453C8DFD /* Pods */,
				3774E9B78865EEE873C2C988 /* Frameworks */,
			);
			sourceTree = "<group>";
		};
		3AF9A71A2418FC4E006C52B7 /* Products */ = {
			isa = PBXGroup;
			children = (
				3AF9A7192418FC4E006C52B7 /* Re-Chat.app */,
			);
			name = Products;
			sourceTree = "<group>";
		};
		3AF9A71B2418FC4E006C52B7 /* Re-Chat */ = {
			isa = PBXGroup;
			children = (
				3AF9A71C2418FC4E006C52B7 /* AppDelegate.swift */,
				3AF9A71E2418FC4E006C52B7 /* SceneDelegate.swift */,
				3A06E6CB241A6219005A5D24 /* Model */,
				3AC8A4D9241CC59A00460CE8 /* View */,
				3AF9A7302418FCA2006C52B7 /* Contoroller */,
				3AFC14E9241C6D88000E15D9 /* API */,
				3AF9A73624190378006C52B7 /* Extensions */,
				3AF9A7252418FC50006C52B7 /* Assets.xcassets */,
				3AF9A7272418FC50006C52B7 /* LaunchScreen.storyboard */,
				3AF9A72A2418FC50006C52B7 /* Info.plist */,
				3AD638F3241A646400EDA267 /* GoogleService-Info.plist */,
			);
			path = "Re-Chat";
			sourceTree = "<group>";
		};
		3AF9A7302418FCA2006C52B7 /* Contoroller */ = {
			isa = PBXGroup;
			children = (
				3A06E6CC241A6270005A5D24 /* Authentification */,
				3AF9A7312418FCD6006C52B7 /* MainTabController.swift */,
				3AE3D6AE241F98E700280305 /* NewsViewController.swift */,
				3AF9A7332418FE9F006C52B7 /* Feed */,
				3ADFCFCF241CD2830021B223 /* RecentController.swift */,
				3AFE5FF8241F9CDF00D7D2DA /* News Group */,
				3AC8A4D7241CC34100460CE8 /* UsersTableViewController.swift */,
				3A19CB7C241DEDD6003BB2DB /* ProfileController.swift */,
				3A19CB7E241DF5AC003BB2DB /* UploadTweetController.swift */,
			);
			path = Contoroller;
			sourceTree = "<group>";
		};
		3AF9A7332418FE9F006C52B7 /* Feed */ = {
			isa = PBXGroup;
			children = (
				3AF9A73924190702006C52B7 /* ContainerController.swift */,
				3AF9A73B24190A4A006C52B7 /* SideMenuController.swift */,
				3AF9A7342418FEBB006C52B7 /* FeedController.swift */,
			);
			path = Feed;
			sourceTree = "<group>";
		};
		3AF9A73624190378006C52B7 /* Extensions */ = {
			isa = PBXGroup;
			children = (
				3AF9A73724190398006C52B7 /* Extensions.swift */,
				3A4D1A39241BB89E00397225 /* HelperFunctions.swift */,
				3AFC14EC241C7811000E15D9 /* Constracts.swift */,
				3AFC14EE241C7915000E15D9 /* FirebaseReference.swift */,
				3AC4D286241CAE2300917988 /* dounloader.swift */,
			);
			path = Extensions;
			sourceTree = "<group>";
		};
		3AFC14E9241C6D88000E15D9 /* API */ = {
			isa = PBXGroup;
			children = (
				3AFC14EA241C7035000E15D9 /* AuthSearvice.swift */,
				3AC8A4DC241CCE1500460CE8 /* UserSearvice.swift */,
				3A19CB82241E0560003BB2DB /* TweetService.swift */,
			);
			path = API;
			sourceTree = "<group>";
		};
		3AFE5FF8241F9CDF00D7D2DA /* News Group */ = {
			isa = PBXGroup;
			children = (
				3AFE5FF9241F9CF900D7D2DA /* Page1.swift */,
				3AFE5FFD241FA89700D7D2DA /* WebViewController.swift */,
			);
			path = "News Group";
			sourceTree = "<group>";
		};
		5FDCB119675186B6453C8DFD /* Pods */ = {
			isa = PBXGroup;
			children = (
				62E05B01CD3BBAC975E1C839 /* Pods-Re-Chat.debug.xcconfig */,
				6917D6407343D75F2ACD4981 /* Pods-Re-Chat.release.xcconfig */,
			);
			path = Pods;
			sourceTree = "<group>";
		};
/* End PBXGroup section */

/* Begin PBXNativeTarget section */
		3AF9A7182418FC4E006C52B7 /* Re-Chat */ = {
			isa = PBXNativeTarget;
			buildConfigurationList = 3AF9A72D2418FC50006C52B7 /* Build configuration list for PBXNativeTarget "Re-Chat" */;
			buildPhases = (
				C3438D17D11CC5685ABFD072 /* [CP] Check Pods Manifest.lock */,
				3AF9A7152418FC4E006C52B7 /* Sources */,
				3AF9A7162418FC4E006C52B7 /* Frameworks */,
				3AF9A7172418FC4E006C52B7 /* Resources */,
				248C2ED0D933515AF4EAE3EA /* [CP] Embed Pods Frameworks */,
			);
			buildRules = (
			);
			dependencies = (
			);
			name = "Re-Chat";
			productName = "Re-Chat";
			productReference = 3AF9A7192418FC4E006C52B7 /* Re-Chat.app */;
			productType = "com.apple.product-type.application";
		};
/* End PBXNativeTarget section */

/* Begin PBXProject section */
		3AF9A7112418FC4E006C52B7 /* Project object */ = {
			isa = PBXProject;
			attributes = {
				LastSwiftUpdateCheck = 1130;
				LastUpgradeCheck = 1130;
				ORGANIZATIONNAME = "Yuuki sakai";
				TargetAttributes = {
					3AF9A7182418FC4E006C52B7 = {
						CreatedOnToolsVersion = 11.3.1;
					};
				};
			};
			buildConfigurationList = 3AF9A7142418FC4E006C52B7 /* Build configuration list for PBXProject "Re-Chat" */;
			compatibilityVersion = "Xcode 9.3";
			developmentRegion = en;
			hasScannedForEncodings = 0;
			knownRegions = (
				en,
				Base,
			);
			mainGroup = 3AF9A7102418FC4E006C52B7;
			productRefGroup = 3AF9A71A2418FC4E006C52B7 /* Products */;
			projectDirPath = "";
			projectRoot = "";
			targets = (
				3AF9A7182418FC4E006C52B7 /* Re-Chat */,
			);
		};
/* End PBXProject section */

/* Begin PBXResourcesBuildPhase section */
		3AF9A7172418FC4E006C52B7 /* Resources */ = {
			isa = PBXResourcesBuildPhase;
			buildActionMask = 2147483647;
			files = (
				3AF9A7292418FC50006C52B7 /* LaunchScreen.storyboard in Resources */,
				3AD638F4241A646400EDA267 /* GoogleService-Info.plist in Resources */,
				3AF9A7262418FC50006C52B7 /* Assets.xcassets in Resources */,
			);
			runOnlyForDeploymentPostprocessing = 0;
		};
/* End PBXResourcesBuildPhase section */

/* Begin PBXShellScriptBuildPhase section */
		248C2ED0D933515AF4EAE3EA /* [CP] Embed Pods Frameworks */ = {
			isa = PBXShellScriptBuildPhase;
			buildActionMask = 2147483647;
			files = (
			);
			inputFileListPaths = (
				"${PODS_ROOT}/Target Support Files/Pods-Re-Chat/Pods-Re-Chat-frameworks-${CONFIGURATION}-input-files.xcfilelist",
			);
			name = "[CP] Embed Pods Frameworks";
			outputFileListPaths = (
				"${PODS_ROOT}/Target Support Files/Pods-Re-Chat/Pods-Re-Chat-frameworks-${CONFIGURATION}-output-files.xcfilelist",
			);
			runOnlyForDeploymentPostprocessing = 0;
			shellPath = /bin/sh;
			shellScript = "\"${PODS_ROOT}/Target Support Files/Pods-Re-Chat/Pods-Re-Chat-frameworks.sh\"\n";
			showEnvVarsInLog = 0;
		};
		C3438D17D11CC5685ABFD072 /* [CP] Check Pods Manifest.lock */ = {
			isa = PBXShellScriptBuildPhase;
			buildActionMask = 2147483647;
			files = (
			);
			inputFileListPaths = (
			);
			inputPaths = (
				"${PODS_PODFILE_DIR_PATH}/Podfile.lock",
				"${PODS_ROOT}/Manifest.lock",
			);
			name = "[CP] Check Pods Manifest.lock";
			outputFileListPaths = (
			);
			outputPaths = (
				"$(DERIVED_FILE_DIR)/Pods-Re-Chat-checkManifestLockResult.txt",
			);
			runOnlyForDeploymentPostprocessing = 0;
			shellPath = /bin/sh;
			shellScript = "diff \"${PODS_PODFILE_DIR_PATH}/Podfile.lock\" \"${PODS_ROOT}/Manifest.lock\" > /dev/null\nif [ $? != 0 ] ; then\n    # print error to STDERR\n    echo \"error: The sandbox is not in sync with the Podfile.lock. Run 'pod install' or update your CocoaPods installation.\" >&2\n    exit 1\nfi\n# This output is used by Xcode 'outputs' to avoid re-running this script phase.\necho \"SUCCESS\" > \"${SCRIPT_OUTPUT_FILE_0}\"\n";
			showEnvVarsInLog = 0;
		};
/* End PBXShellScriptBuildPhase section */

/* Begin PBXSourcesBuildPhase section */
		3AF9A7152418FC4E006C52B7 /* Sources */ = {
			isa = PBXSourcesBuildPhase;
			buildActionMask = 2147483647;
			files = (
				3AC8A4DD241CCE1500460CE8 /* UserSearvice.swift in Sources */,
				3AFE5FFE241FA89700D7D2DA /* WebViewController.swift in Sources */,
				3AF9A73824190398006C52B7 /* Extensions.swift in Sources */,
				3AFC14EF241C7915000E15D9 /* FirebaseReference.swift in Sources */,
				3A19CB83241E0560003BB2DB /* TweetService.swift in Sources */,
				3AF9A71D2418FC4E006C52B7 /* AppDelegate.swift in Sources */,
				3AC4D287241CAE2300917988 /* dounloader.swift in Sources */,
				3A4D1A38241BA5C200397225 /* SignUpController.swift in Sources */,
				3AF9A71F2418FC4E006C52B7 /* SceneDelegate.swift in Sources */,
				3AFE5FFA241F9CF900D7D2DA /* Page1.swift in Sources */,
				3AF9A7352418FEBB006C52B7 /* FeedController.swift in Sources */,
				3A19CB7F241DF5AC003BB2DB /* UploadTweetController.swift in Sources */,
				3AC4D285241C952600917988 /* User.swift in Sources */,
				3A4D1A3A241BB89E00397225 /* HelperFunctions.swift in Sources */,
				3AC8A4DB241CC5DA00460CE8 /* UsersCell.swift in Sources */,
				3ADFCFD0241CD2830021B223 /* RecentController.swift in Sources */,
				3AF9A73C24190A4A006C52B7 /* SideMenuController.swift in Sources */,
				3AE3D6AF241F98E700280305 /* NewsViewController.swift in Sources */,
				3AFC14ED241C7811000E15D9 /* Constracts.swift in Sources */,
				3AD638F6241A65AC00EDA267 /* LoginController.swift in Sources */,
				3AFE5FFC241F9F3300D7D2DA /* NewsItems.swift in Sources */,
				3A19CB81241DFD0E003BB2DB /* InputTextView.swift in Sources */,
				3A19CB7D241DEDD6003BB2DB /* ProfileController.swift in Sources */,
				3AFC14EB241C7035000E15D9 /* AuthSearvice.swift in Sources */,
				3AF9A7322418FCD6006C52B7 /* MainTabController.swift in Sources */,
				3AC8A4D8241CC34100460CE8 /* UsersTableViewController.swift in Sources */,
				3AF9A73A24190702006C52B7 /* ContainerController.swift in Sources */,
			);
			runOnlyForDeploymentPostprocessing = 0;
		};
/* End PBXSourcesBuildPhase section */

/* Begin PBXVariantGroup section */
		3AF9A7272418FC50006C52B7 /* LaunchScreen.storyboard */ = {
			isa = PBXVariantGroup;
			children = (
				3AF9A7282418FC50006C52B7 /* Base */,
			);
			name = LaunchScreen.storyboard;
			sourceTree = "<group>";
		};
/* End PBXVariantGroup section */

/* Begin XCBuildConfiguration section */
		3AF9A72B2418FC50006C52B7 /* Debug */ = {
			isa = XCBuildConfiguration;
			buildSettings = {
				ALWAYS_SEARCH_USER_PATHS = NO;
				CLANG_ANALYZER_NONNULL = YES;
				CLANG_ANALYZER_NUMBER_OBJECT_CONVERSION = YES_AGGRESSIVE;
				CLANG_CXX_LANGUAGE_STANDARD = "gnu++14";
				CLANG_CXX_LIBRARY = "libc++";
				CLANG_ENABLE_MODULES = YES;
				CLANG_ENABLE_OBJC_ARC = YES;
				CLANG_ENABLE_OBJC_WEAK = YES;
				CLANG_WARN_BLOCK_CAPTURE_AUTORELEASING = YES;
				CLANG_WARN_BOOL_CONVERSION = YES;
				CLANG_WARN_COMMA = YES;
				CLANG_WARN_CONSTANT_CONVERSION = YES;
				CLANG_WARN_DEPRECATED_OBJC_IMPLEMENTATIONS = YES;
				CLANG_WARN_DIRECT_OBJC_ISA_USAGE = YES_ERROR;
				CLANG_WARN_DOCUMENTATION_COMMENTS = YES;
				CLANG_WARN_EMPTY_BODY = YES;
				CLANG_WARN_ENUM_CONVERSION = YES;
				CLANG_WARN_INFINITE_RECURSION = YES;
				CLANG_WARN_INT_CONVERSION = YES;
				CLANG_WARN_NON_LITERAL_NULL_CONVERSION = YES;
				CLANG_WARN_OBJC_IMPLICIT_RETAIN_SELF = YES;
				CLANG_WARN_OBJC_LITERAL_CONVERSION = YES;
				CLANG_WARN_OBJC_ROOT_CLASS = YES_ERROR;
				CLANG_WARN_RANGE_LOOP_ANALYSIS = YES;
				CLANG_WARN_STRICT_PROTOTYPES = YES;
				CLANG_WARN_SUSPICIOUS_MOVE = YES;
				CLANG_WARN_UNGUARDED_AVAILABILITY = YES_AGGRESSIVE;
				CLANG_WARN_UNREACHABLE_CODE = YES;
				CLANG_WARN__DUPLICATE_METHOD_MATCH = YES;
				COPY_PHASE_STRIP = NO;
				DEBUG_INFORMATION_FORMAT = dwarf;
				ENABLE_STRICT_OBJC_MSGSEND = YES;
				ENABLE_TESTABILITY = YES;
				GCC_C_LANGUAGE_STANDARD = gnu11;
				GCC_DYNAMIC_NO_PIC = NO;
				GCC_NO_COMMON_BLOCKS = YES;
				GCC_OPTIMIZATION_LEVEL = 0;
				GCC_PREPROCESSOR_DEFINITIONS = (
					"DEBUG=1",
					"$(inherited)",
				);
				GCC_WARN_64_TO_32_BIT_CONVERSION = YES;
				GCC_WARN_ABOUT_RETURN_TYPE = YES_ERROR;
				GCC_WARN_UNDECLARED_SELECTOR = YES;
				GCC_WARN_UNINITIALIZED_AUTOS = YES_AGGRESSIVE;
				GCC_WARN_UNUSED_FUNCTION = YES;
				GCC_WARN_UNUSED_VARIABLE = YES;
				IPHONEOS_DEPLOYMENT_TARGET = 13.2;
				MTL_ENABLE_DEBUG_INFO = INCLUDE_SOURCE;
				MTL_FAST_MATH = YES;
				ONLY_ACTIVE_ARCH = YES;
				SDKROOT = iphoneos;
				SWIFT_ACTIVE_COMPILATION_CONDITIONS = DEBUG;
				SWIFT_OPTIMIZATION_LEVEL = "-Onone";
			};
			name = Debug;
		};
		3AF9A72C2418FC50006C52B7 /* Release */ = {
			isa = XCBuildConfiguration;
			buildSettings = {
				ALWAYS_SEARCH_USER_PATHS = NO;
				CLANG_ANALYZER_NONNULL = YES;
				CLANG_ANALYZER_NUMBER_OBJECT_CONVERSION = YES_AGGRESSIVE;
				CLANG_CXX_LANGUAGE_STANDARD = "gnu++14";
				CLANG_CXX_LIBRARY = "libc++";
				CLANG_ENABLE_MODULES = YES;
				CLANG_ENABLE_OBJC_ARC = YES;
				CLANG_ENABLE_OBJC_WEAK = YES;
				CLANG_WARN_BLOCK_CAPTURE_AUTORELEASING = YES;
				CLANG_WARN_BOOL_CONVERSION = YES;
				CLANG_WARN_COMMA = YES;
				CLANG_WARN_CONSTANT_CONVERSION = YES;
				CLANG_WARN_DEPRECATED_OBJC_IMPLEMENTATIONS = YES;
				CLANG_WARN_DIRECT_OBJC_ISA_USAGE = YES_ERROR;
				CLANG_WARN_DOCUMENTATION_COMMENTS = YES;
				CLANG_WARN_EMPTY_BODY = YES;
				CLANG_WARN_ENUM_CONVERSION = YES;
				CLANG_WARN_INFINITE_RECURSION = YES;
				CLANG_WARN_INT_CONVERSION = YES;
				CLANG_WARN_NON_LITERAL_NULL_CONVERSION = YES;
				CLANG_WARN_OBJC_IMPLICIT_RETAIN_SELF = YES;
				CLANG_WARN_OBJC_LITERAL_CONVERSION = YES;
				CLANG_WARN_OBJC_ROOT_CLASS = YES_ERROR;
				CLANG_WARN_RANGE_LOOP_ANALYSIS = YES;
				CLANG_WARN_STRICT_PROTOTYPES = YES;
				CLANG_WARN_SUSPICIOUS_MOVE = YES;
				CLANG_WARN_UNGUARDED_AVAILABILITY = YES_AGGRESSIVE;
				CLANG_WARN_UNREACHABLE_CODE = YES;
				CLANG_WARN__DUPLICATE_METHOD_MATCH = YES;
				COPY_PHASE_STRIP = NO;
				DEBUG_INFORMATION_FORMAT = "dwarf-with-dsym";
				ENABLE_NS_ASSERTIONS = NO;
				ENABLE_STRICT_OBJC_MSGSEND = YES;
				GCC_C_LANGUAGE_STANDARD = gnu11;
				GCC_NO_COMMON_BLOCKS = YES;
				GCC_WARN_64_TO_32_BIT_CONVERSION = YES;
				GCC_WARN_ABOUT_RETURN_TYPE = YES_ERROR;
				GCC_WARN_UNDECLARED_SELECTOR = YES;
				GCC_WARN_UNINITIALIZED_AUTOS = YES_AGGRESSIVE;
				GCC_WARN_UNUSED_FUNCTION = YES;
				GCC_WARN_UNUSED_VARIABLE = YES;
				IPHONEOS_DEPLOYMENT_TARGET = 13.2;
				MTL_ENABLE_DEBUG_INFO = NO;
				MTL_FAST_MATH = YES;
				SDKROOT = iphoneos;
				SWIFT_COMPILATION_MODE = wholemodule;
				SWIFT_OPTIMIZATION_LEVEL = "-O";
				VALIDATE_PRODUCT = YES;
			};
			name = Release;
		};
		3AF9A72E2418FC50006C52B7 /* Debug */ = {
			isa = XCBuildConfiguration;
			baseConfigurationReference = 62E05B01CD3BBAC975E1C839 /* Pods-Re-Chat.debug.xcconfig */;
			buildSettings = {
				ASSETCATALOG_COMPILER_APPICON_NAME = AppIcon;
				CODE_SIGN_STYLE = Automatic;
				DEVELOPMENT_TEAM = 4KJFNVZ8R6;
				INFOPLIST_FILE = "Re-Chat/Info.plist";
				LD_RUNPATH_SEARCH_PATHS = (
					"$(inherited)",
					"@executable_path/Frameworks",
				);
				PRODUCT_BUNDLE_IDENTIFIER = "mineo.jp.mac.pop.Re-Chat";
				PRODUCT_NAME = "$(TARGET_NAME)";
				SWIFT_VERSION = 5.0;
				TARGETED_DEVICE_FAMILY = "1,2";
			};
			name = Debug;
		};
		3AF9A72F2418FC50006C52B7 /* Release */ = {
			isa = XCBuildConfiguration;
			baseConfigurationReference = 6917D6407343D75F2ACD4981 /* Pods-Re-Chat.release.xcconfig */;
			buildSettings = {
				ASSETCATALOG_COMPILER_APPICON_NAME = AppIcon;
				CODE_SIGN_STYLE = Automatic;
				DEVELOPMENT_TEAM = 4KJFNVZ8R6;
				INFOPLIST_FILE = "Re-Chat/Info.plist";
				LD_RUNPATH_SEARCH_PATHS = (
					"$(inherited)",
					"@executable_path/Frameworks",
				);
				PRODUCT_BUNDLE_IDENTIFIER = "mineo.jp.mac.pop.Re-Chat";
				PRODUCT_NAME = "$(TARGET_NAME)";
				SWIFT_VERSION = 5.0;
				TARGETED_DEVICE_FAMILY = "1,2";
			};
			name = Release;
		};
/* End XCBuildConfiguration section */

/* Begin XCConfigurationList section */
		3AF9A7142418FC4E006C52B7 /* Build configuration list for PBXProject "Re-Chat" */ = {
			isa = XCConfigurationList;
			buildConfigurations = (
				3AF9A72B2418FC50006C52B7 /* Debug */,
				3AF9A72C2418FC50006C52B7 /* Release */,
			);
			defaultConfigurationIsVisible = 0;
			defaultConfigurationName = Release;
		};
		3AF9A72D2418FC50006C52B7 /* Build configuration list for PBXNativeTarget "Re-Chat" */ = {
			isa = XCConfigurationList;
			buildConfigurations = (
				3AF9A72E2418FC50006C52B7 /* Debug */,
				3AF9A72F2418FC50006C52B7 /* Release */,
			);
			defaultConfigurationIsVisible = 0;
			defaultConfigurationName = Release;
		};
/* End XCConfigurationList section */
	};
	rootObject = 3AF9A7112418FC4E006C52B7 /* Project object */;
}
